
Microsoft Visual Studio Solution File, Format Version 12.00
# Visual Studio Version 17
VisualStudioVersion = 17.6.33815.320
MinimumVisualStudioVersion = 10.0.40219.1
Project("{FAE04EC0-301F-11D3-BF4B-00C04F79EFBC}") = "EmployeePortal", "EmployeePortal.csproj", "{977D54A5-86A9-43DE-90A8-DD11A5D19B0D}"
EndProject
Global
	GlobalSection(SolutionConfigurationPlatforms) = preSolution
		Debug|Any CPU = Debug|Any CPU
		Release|Any CPU = Release|Any CPU
	EndGlobalSection
	GlobalSection(ProjectConfigurationPlatforms) = postSolution
		{977D54A5-86A9-43DE-90A8-DD11A5D19B0D}.Debug|Any CPU.ActiveCfg = Debug|Any CPU
		{977D54A5-86A9-43DE-90A8-DD11A5D19B0D}.Debug|Any CPU.Build.0 = Debug|Any CPU
		{977D54A5-86A9-43DE-90A8-DD11A5D19B0D}.Release|Any CPU.ActiveCfg = Release|Any CPU
		{977D54A5-86A9-43DE-90A8-DD11A5D19B0D}.Release|Any CPU.Build.0 = Release|Any CPU
	EndGlobalSection
	GlobalSection(SolutionProperties) = preSolution
		HideSolutionNode = FALSE
	EndGlobalSection
	GlobalSection(ExtensibilityGlobals) = postSolution
		SolutionGuid = {390706A5-F8FF-41E5-8613-95F89BFEFD3E}
	EndGlobalSection
EndGlobal
